
Microsoft Visual Studio Solution File, Format Version 12.00
# Visual Studio Version 16
VisualStudioVersion = 16.0.30503.244
MinimumVisualStudioVersion = 10.0.40219.1
Project("{9A19103F-16F7-4668-BE54-9A1E7A4F7556}") = "AllLaunchWPF", "AllLaunchWPF\AllLaunchWPF.csproj", "{64278DF5-3EDF-4AE2-A928-264EAB642958}"
EndProject
Project("{FAE04EC0-301F-11D3-BF4B-00C04F79EFBC}") = "AllLaunchCore", "AllLaunchCore\AllLaunchCore.csproj", "{55A61D78-4346-42AF-97FA-316013E909C3}"
EndProject
Global
	GlobalSection(SolutionConfigurationPlatforms) = preSolution
		Debug|Any CPU = Debug|Any CPU
		Release|Any CPU = Release|Any CPU
	EndGlobalSection
	GlobalSection(ProjectConfigurationPlatforms) = postSolution
		{64278DF5-3EDF-4AE2-A928-264EAB642958}.Debug|Any CPU.ActiveCfg = Debug|Any CPU
		{64278DF5-3EDF-4AE2-A928-264EAB642958}.Debug|Any CPU.Build.0 = Debug|Any CPU
		{64278DF5-3EDF-4AE2-A928-264EAB642958}.Release|Any CPU.ActiveCfg = Release|Any CPU
		{64278DF5-3EDF-4AE2-A928-264EAB642958}.Release|Any CPU.Build.0 = Release|Any CPU
		{55A61D78-4346-42AF-97FA-316013E909C3}.Debug|Any CPU.ActiveCfg = Debug|Any CPU
		{55A61D78-4346-42AF-97FA-316013E909C3}.Debug|Any CPU.Build.0 = Debug|Any CPU
		{55A61D78-4346-42AF-97FA-316013E909C3}.Release|Any CPU.ActiveCfg = Release|Any CPU
		{55A61D78-4346-42AF-97FA-316013E909C3}.Release|Any CPU.Build.0 = Release|Any CPU
	EndGlobalSection
	GlobalSection(SolutionProperties) = preSolution
		HideSolutionNode = FALSE
	EndGlobalSection
	GlobalSection(ExtensibilityGlobals) = postSolution
		SolutionGuid = {CC794313-B86D-48EA-8E27-50354BD5DFA8}
	EndGlobalSection
EndGlobal
